
Microsoft Visual Studio Solution File, Format Version 12.00
# Visual Studio 14
VisualStudioVersion = 14.0.24720.0
MinimumVisualStudioVersion = 10.0.40219.1
Project("{FAE04EC0-301F-11D3-BF4B-00C04F79EFBC}") = "Library", "..\Common\Library\Library.csproj", "{01CE8134-A868-4095-8D75-33FBC4817120}"
EndProject
Project("{FAE04EC0-301F-11D3-BF4B-00C04F79EFBC}") = "Locker", "Locker\Locker.csproj", "{465CA3CE-18E7-49A2-B4D3-4C376DAC3E48}"
EndProject
Project("{2150E333-8FDC-42A3-9474-1A3956D46DE8}") = "Common", "Common", "{E505B996-70B7-466B-AF39-98F39198826E}"
EndProject
Project("{FAE04EC0-301F-11D3-BF4B-00C04F79EFBC}") = "UI", "UI\UI.csproj", "{AD00A9BD-8D68-4BF7-B515-1D362433EA09}"
EndProject
Project("{FAE04EC0-301F-11D3-BF4B-00C04F79EFBC}") = "BL", "BL\BL.csproj", "{62A9FB33-7277-46B2-A9E4-7C73EDEB9B81}"
EndProject
Project("{2150E333-8FDC-42A3-9474-1A3956D46DE8}") = "Settings", "Settings", "{B7AB572D-277F-4C85-A630-EF65C99F3EE8}"
EndProject
Project("{FAE04EC0-301F-11D3-BF4B-00C04F79EFBC}") = "SLib", "Settings\SLib\SLib.csproj", "{384598AD-9C03-4F5C-B5BB-003099425FF1}"
EndProject
Project("{FAE04EC0-301F-11D3-BF4B-00C04F79EFBC}") = "SManager", "Settings\SManager\SManager.csproj", "{56355086-97B8-4030-B041-8EB6DD9B449D}"
EndProject
Project("{2150E333-8FDC-42A3-9474-1A3956D46DE8}") = "Utils", "Utils", "{102B0D0F-BB7B-4F02-B5AD-D7476A15E3E8}"
EndProject
Project("{FAE04EC0-301F-11D3-BF4B-00C04F79EFBC}") = "TaskbarNotifier", "Utils\TaskbarNotifier\TaskbarNotifier.csproj", "{A91A2101-8A47-4094-8FB6-F0F3E09AB7CD}"
EndProject
Project("{FAE04EC0-301F-11D3-BF4B-00C04F79EFBC}") = "DAL", "DAL\DAL.csproj", "{04A9284A-B893-4FB1-B628-66A19F6DA378}"
EndProject
Project("{FAE04EC0-301F-11D3-BF4B-00C04F79EFBC}") = "Graphics", "Utils\Graphics\Graphics.csproj", "{7879F8DE-C376-4B1B-8686-CA7CC5F88795}"
EndProject
Project("{FAE04EC0-301F-11D3-BF4B-00C04F79EFBC}") = "Inspector", "Utils\Inspector\Inspector.csproj", "{B841D669-2953-4864-9DC0-0196DC450070}"
EndProject
Project("{2150E333-8FDC-42A3-9474-1A3956D46DE8}") = "CPP", "CPP", "{FA44B061-BC60-403E-80FF-6FB22DD08870}"
EndProject
Project("{8BC9CEB8-8B4A-11D0-8D11-00A0C91BC942}") = "CppGraphics", "CPP\CppGraphics\CppGraphics.vcxproj", "{422B571B-6138-4A72-9ACE-625D3FCD6CF3}"
EndProject
Global
	GlobalSection(SolutionConfigurationPlatforms) = preSolution
		Debug|Any CPU = Debug|Any CPU
		Debug|ARM = Debug|ARM
		Debug|Mixed Platforms = Debug|Mixed Platforms
		Debug|Win32 = Debug|Win32
		Debug|x64 = Debug|x64
		Debug|x86 = Debug|x86
		Release|Any CPU = Release|Any CPU
		Release|ARM = Release|ARM
		Release|Mixed Platforms = Release|Mixed Platforms
		Release|Win32 = Release|Win32
		Release|x64 = Release|x64
		Release|x86 = Release|x86
	EndGlobalSection
	GlobalSection(ProjectConfigurationPlatforms) = postSolution
		{01CE8134-A868-4095-8D75-33FBC4817120}.Debug|Any CPU.ActiveCfg = Debug|Any CPU
		{01CE8134-A868-4095-8D75-33FBC4817120}.Debug|Any CPU.Build.0 = Debug|Any CPU
		{01CE8134-A868-4095-8D75-33FBC4817120}.Debug|ARM.ActiveCfg = Debug|Any CPU
		{01CE8134-A868-4095-8D75-33FBC4817120}.Debug|Mixed Platforms.ActiveCfg = Debug|Any CPU
		{01CE8134-A868-4095-8D75-33FBC4817120}.Debug|Mixed Platforms.Build.0 = Debug|Any CPU
		{01CE8134-A868-4095-8D75-33FBC4817120}.Debug|Win32.ActiveCfg = Debug|Any CPU
		{01CE8134-A868-4095-8D75-33FBC4817120}.Debug|x64.ActiveCfg = Debug|Any CPU
		{01CE8134-A868-4095-8D75-33FBC4817120}.Debug|x86.ActiveCfg = Debug|x86
		{01CE8134-A868-4095-8D75-33FBC4817120}.Debug|x86.Build.0 = Debug|x86
		{01CE8134-A868-4095-8D75-33FBC4817120}.Release|Any CPU.ActiveCfg = Release|Any CPU
		{01CE8134-A868-4095-8D75-33FBC4817120}.Release|Any CPU.Build.0 = Release|Any CPU
		{01CE8134-A868-4095-8D75-33FBC4817120}.Release|ARM.ActiveCfg = Release|Any CPU
		{01CE8134-A868-4095-8D75-33FBC4817120}.Release|Mixed Platforms.ActiveCfg = Release|Any CPU
		{01CE8134-A868-4095-8D75-33FBC4817120}.Release|Mixed Platforms.Build.0 = Release|Any CPU
		{01CE8134-A868-4095-8D75-33FBC4817120}.Release|Win32.ActiveCfg = Release|Any CPU
		{01CE8134-A868-4095-8D75-33FBC4817120}.Release|x64.ActiveCfg = Release|Any CPU
		{01CE8134-A868-4095-8D75-33FBC4817120}.Release|x86.ActiveCfg = Release|Any CPU
		{01CE8134-A868-4095-8D75-33FBC4817120}.Release|x86.Build.0 = Release|Any CPU
		{465CA3CE-18E7-49A2-B4D3-4C376DAC3E48}.Debug|Any CPU.ActiveCfg = Debug|Any CPU
		{465CA3CE-18E7-49A2-B4D3-4C376DAC3E48}.Debug|Any CPU.Build.0 = Debug|Any CPU
		{465CA3CE-18E7-49A2-B4D3-4C376DAC3E48}.Debug|ARM.ActiveCfg = Debug|Any CPU
		{465CA3CE-18E7-49A2-B4D3-4C376DAC3E48}.Debug|Mixed Platforms.ActiveCfg = Debug|Any CPU
		{465CA3CE-18E7-49A2-B4D3-4C376DAC3E48}.Debug|Mixed Platforms.Build.0 = Debug|Any CPU
		{465CA3CE-18E7-49A2-B4D3-4C376DAC3E48}.Debug|Win32.ActiveCfg = Debug|Any CPU
		{465CA3CE-18E7-49A2-B4D3-4C376DAC3E48}.Debug|x64.ActiveCfg = Debug|Any CPU
		{465CA3CE-18E7-49A2-B4D3-4C376DAC3E48}.Debug|x86.ActiveCfg = Debug|x86
		{465CA3CE-18E7-49A2-B4D3-4C376DAC3E48}.Debug|x86.Build.0 = Debug|x86
		{465CA3CE-18E7-49A2-B4D3-4C376DAC3E48}.Release|Any CPU.ActiveCfg = Release|Any CPU
		{465CA3CE-18E7-49A2-B4D3-4C376DAC3E48}.Release|Any CPU.Build.0 = Release|Any CPU
		{465CA3CE-18E7-49A2-B4D3-4C376DAC3E48}.Release|ARM.ActiveCfg = Release|Any CPU
		{465CA3CE-18E7-49A2-B4D3-4C376DAC3E48}.Release|Mixed Platforms.ActiveCfg = Release|Any CPU
		{465CA3CE-18E7-49A2-B4D3-4C376DAC3E48}.Release|Mixed Platforms.Build.0 = Release|Any CPU
		{465CA3CE-18E7-49A2-B4D3-4C376DAC3E48}.Release|Win32.ActiveCfg = Release|Any CPU
		{465CA3CE-18E7-49A2-B4D3-4C376DAC3E48}.Release|x64.ActiveCfg = Release|Any CPU
		{465CA3CE-18E7-49A2-B4D3-4C376DAC3E48}.Release|x86.ActiveCfg = Release|Any CPU
		{465CA3CE-18E7-49A2-B4D3-4C376DAC3E48}.Release|x86.Build.0 = Release|Any CPU
		{AD00A9BD-8D68-4BF7-B515-1D362433EA09}.Debug|Any CPU.ActiveCfg = Debug|Any CPU
		{AD00A9BD-8D68-4BF7-B515-1D362433EA09}.Debug|Any CPU.Build.0 = Debug|Any CPU
		{AD00A9BD-8D68-4BF7-B515-1D362433EA09}.Debug|ARM.ActiveCfg = Debug|Any CPU
		{AD00A9BD-8D68-4BF7-B515-1D362433EA09}.Debug|Mixed Platforms.ActiveCfg = Debug|Any CPU
		{AD00A9BD-8D68-4BF7-B515-1D362433EA09}.Debug|Mixed Platforms.Build.0 = Debug|Any CPU
		{AD00A9BD-8D68-4BF7-B515-1D362433EA09}.Debug|Win32.ActiveCfg = Debug|Any CPU
		{AD00A9BD-8D68-4BF7-B515-1D362433EA09}.Debug|x64.ActiveCfg = Debug|Any CPU
		{AD00A9BD-8D68-4BF7-B515-1D362433EA09}.Debug|x86.ActiveCfg = Debug|x86
		{AD00A9BD-8D68-4BF7-B515-1D362433EA09}.Debug|x86.Build.0 = Debug|x86
		{AD00A9BD-8D68-4BF7-B515-1D362433EA09}.Release|Any CPU.ActiveCfg = Release|Any CPU
		{AD00A9BD-8D68-4BF7-B515-1D362433EA09}.Release|Any CPU.Build.0 = Release|Any CPU
		{AD00A9BD-8D68-4BF7-B515-1D362433EA09}.Release|ARM.ActiveCfg = Release|Any CPU
		{AD00A9BD-8D68-4BF7-B515-1D362433EA09}.Release|Mixed Platforms.ActiveCfg = Release|Any CPU
		{AD00A9BD-8D68-4BF7-B515-1D362433EA09}.Release|Mixed Platforms.Build.0 = Release|Any CPU
		{AD00A9BD-8D68-4BF7-B515-1D362433EA09}.Release|Win32.ActiveCfg = Release|Any CPU
		{AD00A9BD-8D68-4BF7-B515-1D362433EA09}.Release|x64.ActiveCfg = Release|Any CPU
		{AD00A9BD-8D68-4BF7-B515-1D362433EA09}.Release|x86.ActiveCfg = Release|Any CPU
		{AD00A9BD-8D68-4BF7-B515-1D362433EA09}.Release|x86.Build.0 = Release|Any CPU
		{62A9FB33-7277-46B2-A9E4-7C73EDEB9B81}.Debug|Any CPU.ActiveCfg = Debug|Any CPU
		{62A9FB33-7277-46B2-A9E4-7C73EDEB9B81}.Debug|Any CPU.Build.0 = Debug|Any CPU
		{62A9FB33-7277-46B2-A9E4-7C73EDEB9B81}.Debug|ARM.ActiveCfg = Debug|Any CPU
		{62A9FB33-7277-46B2-A9E4-7C73EDEB9B81}.Debug|Mixed Platforms.ActiveCfg = Debug|Any CPU
		{62A9FB33-7277-46B2-A9E4-7C73EDEB9B81}.Debug|Mixed Platforms.Build.0 = Debug|Any CPU
		{62A9FB33-7277-46B2-A9E4-7C73EDEB9B81}.Debug|Win32.ActiveCfg = Debug|Any CPU
		{62A9FB33-7277-46B2-A9E4-7C73EDEB9B81}.Debug|x64.ActiveCfg = Debug|Any CPU
		{62A9FB33-7277-46B2-A9E4-7C73EDEB9B81}.Debug|x86.ActiveCfg = Debug|x86
		{62A9FB33-7277-46B2-A9E4-7C73EDEB9B81}.Debug|x86.Build.0 = Debug|x86
		{62A9FB33-7277-46B2-A9E4-7C73EDEB9B81}.Release|Any CPU.ActiveCfg = Release|Any CPU
		{62A9FB33-7277-46B2-A9E4-7C73EDEB9B81}.Release|Any CPU.Build.0 = Release|Any CPU
		{62A9FB33-7277-46B2-A9E4-7C73EDEB9B81}.Release|ARM.ActiveCfg = Release|Any CPU
		{62A9FB33-7277-46B2-A9E4-7C73EDEB9B81}.Release|Mixed Platforms.ActiveCfg = Release|x86
		{62A9FB33-7277-46B2-A9E4-7C73EDEB9B81}.Release|Mixed Platforms.Build.0 = Release|x86
		{62A9FB33-7277-46B2-A9E4-7C73EDEB9B81}.Release|Win32.ActiveCfg = Release|Any CPU
		{62A9FB33-7277-46B2-A9E4-7C73EDEB9B81}.Release|x64.ActiveCfg = Release|Any CPU
		{62A9FB33-7277-46B2-A9E4-7C73EDEB9B81}.Release|x86.ActiveCfg = Release|Any CPU
		{62A9FB33-7277-46B2-A9E4-7C73EDEB9B81}.Release|x86.Build.0 = Release|Any CPU
		{384598AD-9C03-4F5C-B5BB-003099425FF1}.Debug|Any CPU.ActiveCfg = Debug|Any CPU
		{384598AD-9C03-4F5C-B5BB-003099425FF1}.Debug|Any CPU.Build.0 = Debug|Any CPU
		{384598AD-9C03-4F5C-B5BB-003099425FF1}.Debug|ARM.ActiveCfg = Debug|Any CPU
		{384598AD-9C03-4F5C-B5BB-003099425FF1}.Debug|Mixed Platforms.ActiveCfg = Debug|Any CPU
		{384598AD-9C03-4F5C-B5BB-003099425FF1}.Debug|Mixed Platforms.Build.0 = Debug|Any CPU
		{384598AD-9C03-4F5C-B5BB-003099425FF1}.Debug|Win32.ActiveCfg = Debug|Any CPU
		{384598AD-9C03-4F5C-B5BB-003099425FF1}.Debug|x64.ActiveCfg = Debug|Any CPU
		{384598AD-9C03-4F5C-B5BB-003099425FF1}.Debug|x86.ActiveCfg = Debug|x86
		{384598AD-9C03-4F5C-B5BB-003099425FF1}.Debug|x86.Build.0 = Debug|x86
		{384598AD-9C03-4F5C-B5BB-003099425FF1}.Release|Any CPU.ActiveCfg = Release|Any CPU
		{384598AD-9C03-4F5C-B5BB-003099425FF1}.Release|Any CPU.Build.0 = Release|Any CPU
		{384598AD-9C03-4F5C-B5BB-003099425FF1}.Release|ARM.ActiveCfg = Release|Any CPU
		{384598AD-9C03-4F5C-B5BB-003099425FF1}.Release|Mixed Platforms.ActiveCfg = Release|Any CPU
		{384598AD-9C03-4F5C-B5BB-003099425FF1}.Release|Mixed Platforms.Build.0 = Release|Any CPU
		{384598AD-9C03-4F5C-B5BB-003099425FF1}.Release|Win32.ActiveCfg = Release|Any CPU
		{384598AD-9C03-4F5C-B5BB-003099425FF1}.Release|x64.ActiveCfg = Release|Any CPU
		{384598AD-9C03-4F5C-B5BB-003099425FF1}.Release|x86.ActiveCfg = Release|Any CPU
		{384598AD-9C03-4F5C-B5BB-003099425FF1}.Release|x86.Build.0 = Release|Any CPU
		{56355086-97B8-4030-B041-8EB6DD9B449D}.Debug|Any CPU.ActiveCfg = Debug|Any CPU
		{56355086-97B8-4030-B041-8EB6DD9B449D}.Debug|Any CPU.Build.0 = Debug|Any CPU
		{56355086-97B8-4030-B041-8EB6DD9B449D}.Debug|ARM.ActiveCfg = Debug|Any CPU
		{56355086-97B8-4030-B041-8EB6DD9B449D}.Debug|Mixed Platforms.ActiveCfg = Debug|Any CPU
		{56355086-97B8-4030-B041-8EB6DD9B449D}.Debug|Mixed Platforms.Build.0 = Debug|Any CPU
		{56355086-97B8-4030-B041-8EB6DD9B449D}.Debug|Win32.ActiveCfg = Debug|Any CPU
		{56355086-97B8-4030-B041-8EB6DD9B449D}.Debug|x64.ActiveCfg = Debug|Any CPU
		{56355086-97B8-4030-B041-8EB6DD9B449D}.Debug|x86.ActiveCfg = Debug|x86
		{56355086-97B8-4030-B041-8EB6DD9B449D}.Debug|x86.Build.0 = Debug|x86
		{56355086-97B8-4030-B041-8EB6DD9B449D}.Release|Any CPU.ActiveCfg = Release|Any CPU
		{56355086-97B8-4030-B041-8EB6DD9B449D}.Release|Any CPU.Build.0 = Release|Any CPU
		{56355086-97B8-4030-B041-8EB6DD9B449D}.Release|ARM.ActiveCfg = Release|Any CPU
		{56355086-97B8-4030-B041-8EB6DD9B449D}.Release|Mixed Platforms.ActiveCfg = Release|Any CPU
		{56355086-97B8-4030-B041-8EB6DD9B449D}.Release|Mixed Platforms.Build.0 = Release|Any CPU
		{56355086-97B8-4030-B041-8EB6DD9B449D}.Release|Win32.ActiveCfg = Release|Any CPU
		{56355086-97B8-4030-B041-8EB6DD9B449D}.Release|x64.ActiveCfg = Release|Any CPU
		{56355086-97B8-4030-B041-8EB6DD9B449D}.Release|x86.ActiveCfg = Release|Any CPU
		{56355086-97B8-4030-B041-8EB6DD9B449D}.Release|x86.Build.0 = Release|Any CPU
		{A91A2101-8A47-4094-8FB6-F0F3E09AB7CD}.Debug|Any CPU.ActiveCfg = Debug|Any CPU
		{A91A2101-8A47-4094-8FB6-F0F3E09AB7CD}.Debug|Any CPU.Build.0 = Debug|Any CPU
		{A91A2101-8A47-4094-8FB6-F0F3E09AB7CD}.Debug|ARM.ActiveCfg = Debug|Any CPU
		{A91A2101-8A47-4094-8FB6-F0F3E09AB7CD}.Debug|Mixed Platforms.ActiveCfg = Debug|Any CPU
		{A91A2101-8A47-4094-8FB6-F0F3E09AB7CD}.Debug|Mixed Platforms.Build.0 = Debug|Any CPU
		{A91A2101-8A47-4094-8FB6-F0F3E09AB7CD}.Debug|Win32.ActiveCfg = Debug|Any CPU
		{A91A2101-8A47-4094-8FB6-F0F3E09AB7CD}.Debug|x64.ActiveCfg = Debug|Any CPU
		{A91A2101-8A47-4094-8FB6-F0F3E09AB7CD}.Debug|x86.ActiveCfg = Debug|x86
		{A91A2101-8A47-4094-8FB6-F0F3E09AB7CD}.Debug|x86.Build.0 = Debug|x86
		{A91A2101-8A47-4094-8FB6-F0F3E09AB7CD}.Release|Any CPU.ActiveCfg = Release|Any CPU
		{A91A2101-8A47-4094-8FB6-F0F3E09AB7CD}.Release|Any CPU.Build.0 = Release|Any CPU
		{A91A2101-8A47-4094-8FB6-F0F3E09AB7CD}.Release|ARM.ActiveCfg = Release|Any CPU
		{A91A2101-8A47-4094-8FB6-F0F3E09AB7CD}.Release|Mixed Platforms.ActiveCfg = Release|Any CPU
		{A91A2101-8A47-4094-8FB6-F0F3E09AB7CD}.Release|Mixed Platforms.Build.0 = Release|Any CPU
		{A91A2101-8A47-4094-8FB6-F0F3E09AB7CD}.Release|Win32.ActiveCfg = Release|Any CPU
		{A91A2101-8A47-4094-8FB6-F0F3E09AB7CD}.Release|x64.ActiveCfg = Release|Any CPU
		{A91A2101-8A47-4094-8FB6-F0F3E09AB7CD}.Release|x86.ActiveCfg = Release|Any CPU
		{A91A2101-8A47-4094-8FB6-F0F3E09AB7CD}.Release|x86.Build.0 = Release|Any CPU
		{04A9284A-B893-4FB1-B628-66A19F6DA378}.Debug|Any CPU.ActiveCfg = Debug|Any CPU
		{04A9284A-B893-4FB1-B628-66A19F6DA378}.Debug|Any CPU.Build.0 = Debug|Any CPU
		{04A9284A-B893-4FB1-B628-66A19F6DA378}.Debug|ARM.ActiveCfg = Debug|Any CPU
		{04A9284A-B893-4FB1-B628-66A19F6DA378}.Debug|Mixed Platforms.ActiveCfg = Debug|Any CPU
		{04A9284A-B893-4FB1-B628-66A19F6DA378}.Debug|Mixed Platforms.Build.0 = Debug|Any CPU
		{04A9284A-B893-4FB1-B628-66A19F6DA378}.Debug|Win32.ActiveCfg = Debug|Any CPU
		{04A9284A-B893-4FB1-B628-66A19F6DA378}.Debug|x64.ActiveCfg = Debug|Any CPU
		{04A9284A-B893-4FB1-B628-66A19F6DA378}.Debug|x86.ActiveCfg = Debug|x86
		{04A9284A-B893-4FB1-B628-66A19F6DA378}.Debug|x86.Build.0 = Debug|x86
		{04A9284A-B893-4FB1-B628-66A19F6DA378}.Release|Any CPU.ActiveCfg = Release|Any CPU
		{04A9284A-B893-4FB1-B628-66A19F6DA378}.Release|Any CPU.Build.0 = Release|Any CPU
		{04A9284A-B893-4FB1-B628-66A19F6DA378}.Release|ARM.ActiveCfg = Release|Any CPU
		{04A9284A-B893-4FB1-B628-66A19F6DA378}.Release|Mixed Platforms.ActiveCfg = Release|Any CPU
		{04A9284A-B893-4FB1-B628-66A19F6DA378}.Release|Mixed Platforms.Build.0 = Release|Any CPU
		{04A9284A-B893-4FB1-B628-66A19F6DA378}.Release|Win32.ActiveCfg = Release|Any CPU
		{04A9284A-B893-4FB1-B628-66A19F6DA378}.Release|x64.ActiveCfg = Release|Any CPU
		{04A9284A-B893-4FB1-B628-66A19F6DA378}.Release|x86.ActiveCfg = Release|Any CPU
		{04A9284A-B893-4FB1-B628-66A19F6DA378}.Release|x86.Build.0 = Release|Any CPU
		{7879F8DE-C376-4B1B-8686-CA7CC5F88795}.Debug|Any CPU.ActiveCfg = Debug|Any CPU
		{7879F8DE-C376-4B1B-8686-CA7CC5F88795}.Debug|Any CPU.Build.0 = Debug|Any CPU
		{7879F8DE-C376-4B1B-8686-CA7CC5F88795}.Debug|ARM.ActiveCfg = Debug|Any CPU
		{7879F8DE-C376-4B1B-8686-CA7CC5F88795}.Debug|Mixed Platforms.ActiveCfg = Debug|Any CPU
		{7879F8DE-C376-4B1B-8686-CA7CC5F88795}.Debug|Mixed Platforms.Build.0 = Debug|Any CPU
		{7879F8DE-C376-4B1B-8686-CA7CC5F88795}.Debug|Win32.ActiveCfg = Debug|Any CPU
		{7879F8DE-C376-4B1B-8686-CA7CC5F88795}.Debug|x64.ActiveCfg = Debug|Any CPU
		{7879F8DE-C376-4B1B-8686-CA7CC5F88795}.Debug|x86.ActiveCfg = Debug|x86
		{7879F8DE-C376-4B1B-8686-CA7CC5F88795}.Debug|x86.Build.0 = Debug|x86
		{7879F8DE-C376-4B1B-8686-CA7CC5F88795}.Release|Any CPU.ActiveCfg = Release|Any CPU
		{7879F8DE-C376-4B1B-8686-CA7CC5F88795}.Release|Any CPU.Build.0 = Release|Any CPU
		{7879F8DE-C376-4B1B-8686-CA7CC5F88795}.Release|ARM.ActiveCfg = Release|Any CPU
		{7879F8DE-C376-4B1B-8686-CA7CC5F88795}.Release|Mixed Platforms.ActiveCfg = Release|Any CPU
		{7879F8DE-C376-4B1B-8686-CA7CC5F88795}.Release|Mixed Platforms.Build.0 = Release|Any CPU
		{7879F8DE-C376-4B1B-8686-CA7CC5F88795}.Release|Win32.ActiveCfg = Release|Any CPU
		{7879F8DE-C376-4B1B-8686-CA7CC5F88795}.Release|x64.ActiveCfg = Release|Any CPU
		{7879F8DE-C376-4B1B-8686-CA7CC5F88795}.Release|x86.ActiveCfg = Release|Any CPU
		{7879F8DE-C376-4B1B-8686-CA7CC5F88795}.Release|x86.Build.0 = Release|Any CPU
		{B841D669-2953-4864-9DC0-0196DC450070}.Debug|Any CPU.ActiveCfg = Debug|Any CPU
		{B841D669-2953-4864-9DC0-0196DC450070}.Debug|Any CPU.Build.0 = Debug|Any CPU
		{B841D669-2953-4864-9DC0-0196DC450070}.Debug|ARM.ActiveCfg = Debug|Any CPU
		{B841D669-2953-4864-9DC0-0196DC450070}.Debug|Mixed Platforms.ActiveCfg = Debug|Any CPU
		{B841D669-2953-4864-9DC0-0196DC450070}.Debug|Mixed Platforms.Build.0 = Debug|Any CPU
		{B841D669-2953-4864-9DC0-0196DC450070}.Debug|Win32.ActiveCfg = Debug|Any CPU
		{B841D669-2953-4864-9DC0-0196DC450070}.Debug|x64.ActiveCfg = Debug|Any CPU
		{B841D669-2953-4864-9DC0-0196DC450070}.Debug|x86.ActiveCfg = Debug|x86
		{B841D669-2953-4864-9DC0-0196DC450070}.Debug|x86.Build.0 = Debug|x86
		{B841D669-2953-4864-9DC0-0196DC450070}.Release|Any CPU.ActiveCfg = Release|Any CPU
		{B841D669-2953-4864-9DC0-0196DC450070}.Release|Any CPU.Build.0 = Release|Any CPU
		{B841D669-2953-4864-9DC0-0196DC450070}.Release|ARM.ActiveCfg = Release|Any CPU
		{B841D669-2953-4864-9DC0-0196DC450070}.Release|Mixed Platforms.ActiveCfg = Release|Any CPU
		{B841D669-2953-4864-9DC0-0196DC450070}.Release|Mixed Platforms.Build.0 = Release|Any CPU
		{B841D669-2953-4864-9DC0-0196DC450070}.Release|Win32.ActiveCfg = Release|Any CPU
		{B841D669-2953-4864-9DC0-0196DC450070}.Release|x64.ActiveCfg = Release|Any CPU
		{B841D669-2953-4864-9DC0-0196DC450070}.Release|x86.ActiveCfg = Release|Any CPU
		{B841D669-2953-4864-9DC0-0196DC450070}.Release|x86.Build.0 = Release|Any CPU
		{422B571B-6138-4A72-9ACE-625D3FCD6CF3}.Debug|Any CPU.ActiveCfg = Debug|Win32
		{422B571B-6138-4A72-9ACE-625D3FCD6CF3}.Debug|ARM.ActiveCfg = Debug|Win32
		{422B571B-6138-4A72-9ACE-625D3FCD6CF3}.Debug|Mixed Platforms.ActiveCfg = Debug|Win32
		{422B571B-6138-4A72-9ACE-625D3FCD6CF3}.Debug|Mixed Platforms.Build.0 = Debug|Win32
		{422B571B-6138-4A72-9ACE-625D3FCD6CF3}.Debug|Win32.ActiveCfg = Debug|Win32
		{422B571B-6138-4A72-9ACE-625D3FCD6CF3}.Debug|Win32.Build.0 = Debug|Win32
		{422B571B-6138-4A72-9ACE-625D3FCD6CF3}.Debug|x64.ActiveCfg = Debug|Win32
		{422B571B-6138-4A72-9ACE-625D3FCD6CF3}.Debug|x86.ActiveCfg = Debug|Win32
		{422B571B-6138-4A72-9ACE-625D3FCD6CF3}.Debug|x86.Build.0 = Debug|Win32
		{422B571B-6138-4A72-9ACE-625D3FCD6CF3}.Release|Any CPU.ActiveCfg = Release|Win32
		{422B571B-6138-4A72-9ACE-625D3FCD6CF3}.Release|ARM.ActiveCfg = Release|Win32
		{422B571B-6138-4A72-9ACE-625D3FCD6CF3}.Release|Mixed Platforms.ActiveCfg = Release|Win32
		{422B571B-6138-4A72-9ACE-625D3FCD6CF3}.Release|Mixed Platforms.Build.0 = Release|Win32
		{422B571B-6138-4A72-9ACE-625D3FCD6CF3}.Release|Win32.ActiveCfg = Release|Win32
		{422B571B-6138-4A72-9ACE-625D3FCD6CF3}.Release|Win32.Build.0 = Release|Win32
		{422B571B-6138-4A72-9ACE-625D3FCD6CF3}.Release|x64.ActiveCfg = Release|Win32
		{422B571B-6138-4A72-9ACE-625D3FCD6CF3}.Release|x86.ActiveCfg = Release|Win32
		{422B571B-6138-4A72-9ACE-625D3FCD6CF3}.Release|x86.Build.0 = Release|Win32
	EndGlobalSection
	GlobalSection(SolutionProperties) = preSolution
		HideSolutionNode = FALSE
	EndGlobalSection
	GlobalSection(NestedProjects) = preSolution
		{01CE8134-A868-4095-8D75-33FBC4817120} = {E505B996-70B7-466B-AF39-98F39198826E}
		{384598AD-9C03-4F5C-B5BB-003099425FF1} = {B7AB572D-277F-4C85-A630-EF65C99F3EE8}
		{56355086-97B8-4030-B041-8EB6DD9B449D} = {B7AB572D-277F-4C85-A630-EF65C99F3EE8}
		{A91A2101-8A47-4094-8FB6-F0F3E09AB7CD} = {102B0D0F-BB7B-4F02-B5AD-D7476A15E3E8}
		{7879F8DE-C376-4B1B-8686-CA7CC5F88795} = {102B0D0F-BB7B-4F02-B5AD-D7476A15E3E8}
		{B841D669-2953-4864-9DC0-0196DC450070} = {102B0D0F-BB7B-4F02-B5AD-D7476A15E3E8}
		{422B571B-6138-4A72-9ACE-625D3FCD6CF3} = {FA44B061-BC60-403E-80FF-6FB22DD08870}
	EndGlobalSection
EndGlobal
